<?xml version="1.0" encoding="utf-8"?>
<Project ToolsVersion="4.0" xmlns="http://schemas.microsoft.com/developer/msbuild/2003">
  <ItemGroup>
    <FxCompile Include="Project\Resources\Shader\FinalPassPS.hlsl">
      <Filter>Shader</Filter>
    </FxCompile>
    <FxCompile Include="Project\Resources\Shader\FinalPassVS.hlsl">
      <Filter>Shader</Filter>
    </FxCompile>
    <FxCompile Include="Project\Resources\Shader\HorizontalBlurPS.hlsl">
      <Filter>Shader</Filter>
    </FxCompile>
    <FxCompile Include="Project\Resources\Shader\HorizontalBlurVS.hlsl">
      <Filter>Shader</Filter>
    </FxCompile>
    <FxCompile Include="Project\Resources\Shader\Object3d.PS.hlsl">
      <Filter>Shader</Filter>
    </FxCompile>
    <FxCompile Include="Project\Resources\Shader\Object3d.VS.hlsl">
      <Filter>Shader</Filter>
    </FxCompile>
    <FxCompile Include="Project\Resources\Shader\SecondPassPS.hlsl">
      <Filter>Shader</Filter>
    </FxCompile>
    <FxCompile Include="Project\Resources\Shader\SecondPassVS.hlsl">
      <Filter>Shader</Filter>
    </FxCompile>
    <FxCompile Include="Project\Resources\Shader\SpritePS.hlsl">
      <Filter>Shader</Filter>
    </FxCompile>
    <FxCompile Include="Project\Resources\Shader\SpriteVS.hlsl">
      <Filter>Shader</Filter>
    </FxCompile>
    <FxCompile Include="Project\Resources\Shader\VerticalBlurPS.hlsl">
      <Filter>Shader</Filter>
    </FxCompile>
    <FxCompile Include="Project\Resources\Shader\VerticalBlurVS.hlsl">
      <Filter>Shader</Filter>
    </FxCompile>
  </ItemGroup>
  <ItemGroup>
    <ClCompile Include="Engine\Components\Audio\Audio.cpp">
      <Filter>ソースファイル\Engine\Components</Filter>
    </ClCompile>
    <ClCompile Include="Engine\Components\CollisionManager\CollisionManager.cpp">
      <Filter>ソースファイル\Engine\Components</Filter>
    </ClCompile>
    <ClCompile Include="Engine\Components\Input\Input.cpp">
      <Filter>ソースファイル\Engine\Components</Filter>
    </ClCompile>
    <ClCompile Include="Engine\Components\PostProcess\PostProcess.cpp">
      <Filter>ソースファイル\Engine\Components</Filter>
    </ClCompile>
    <ClCompile Include="Engine\Externals\imgui\imgui.cpp">
      <Filter>imgui</Filter>
    </ClCompile>
    <ClCompile Include="Engine\Externals\imgui\imgui_demo.cpp">
      <Filter>imgui</Filter>
    </ClCompile>
    <ClCompile Include="Engine\Externals\imgui\imgui_draw.cpp">
      <Filter>imgui</Filter>
    </ClCompile>
    <ClCompile Include="Engine\Externals\imgui\imgui_impl_dx12.cpp">
      <Filter>imgui</Filter>
    </ClCompile>
    <ClCompile Include="Engine\Externals\imgui\imgui_impl_win32.cpp">
      <Filter>imgui</Filter>
    </ClCompile>
    <ClCompile Include="Engine\Externals\imgui\imgui_tables.cpp">
      <Filter>imgui</Filter>
    </ClCompile>
    <ClCompile Include="Engine\Externals\imgui\imgui_widgets.cpp">
      <Filter>imgui</Filter>
    </ClCompile>
    <ClCompile Include="Engine\2D\GlobalVariables\GlobalVariables.cpp">
      <Filter>ソースファイル\Engine\2D</Filter>
    </ClCompile>
    <ClCompile Include="Engine\2D\ImGuiManager\ImGuiManager.cpp">
      <Filter>ソースファイル\Engine\2D</Filter>
    </ClCompile>
    <ClCompile Include="Engine\2D\Sprite\Sprite.cpp">
      <Filter>ソースファイル\Engine\2D</Filter>
    </ClCompile>
    <ClCompile Include="Engine\3D\DebugCamera\DebugCamera.cpp">
      <Filter>ソースファイル\Engine\3D</Filter>
    </ClCompile>
    <ClCompile Include="Engine\3D\Light\DirectionalLight.cpp">
      <Filter>ソースファイル\Engine\3D</Filter>
    </ClCompile>
    <ClCompile Include="Engine\3D\Model\Material.cpp">
      <Filter>ソースファイル\Engine\3D</Filter>
    </ClCompile>
    <ClCompile Include="Engine\3D\Model\Model.cpp">
      <Filter>ソースファイル\Engine\3D</Filter>
    </ClCompile>
    <ClCompile Include="Engine\3D\TransformationMatrix\TransformationMatrix.cpp">
      <Filter>ソースファイル\Engine\3D</Filter>
    </ClCompile>
    <ClCompile Include="Engine\3D\Model\Vertex.cpp">
      <Filter>ソースファイル\Engine\3D</Filter>
    </ClCompile>
    <ClCompile Include="Engine\3D\TransformationMatrix\ViewProjection.cpp">
      <Filter>ソースファイル\Engine\3D</Filter>
    </ClCompile>
    <ClCompile Include="Engine\3D\TransformationMatrix\WorldTransform.cpp">
      <Filter>ソースファイル\Engine\3D</Filter>
    </ClCompile>
    <ClCompile Include="Engine\Base\DirectXCommon\DirectXCommon.cpp">
      <Filter>ソースファイル\Engine\Base</Filter>
    </ClCompile>
    <ClCompile Include="Engine\Base\WinApp\WinApp.cpp">
      <Filter>ソースファイル\Engine\Base</Filter>
    </ClCompile>
    <ClCompile Include="Engine\Base\TextureManager\TextureManager.cpp">
      <Filter>ソースファイル\Engine\Base</Filter>
    </ClCompile>
    <ClCompile Include="Engine\Math\MathFunction.cpp">
      <Filter>ソースファイル\Engine\Math</Filter>
    </ClCompile>
    <ClCompile Include="Project\GameObject\FollowCamera\FollowCamera.cpp">
      <Filter>ソースファイル\Project\GameObject\FollowCamera</Filter>
    </ClCompile>
    <ClCompile Include="Project\GameObject\Box\BoxManager.cpp">
      <Filter>ソースファイル\Project\GameObject\Box</Filter>
    </ClCompile>
    <ClCompile Include="Project\GameObject\Box\Box.cpp">
      <Filter>ソースファイル\Project\GameObject\Box</Filter>
    </ClCompile>
    <ClCompile Include="Project\Game\GameManager\GameManager.cpp">
      <Filter>ソースファイル\Project\Game</Filter>
    </ClCompile>
    <ClCompile Include="Project\Game\GameScene\GameScene.cpp">
      <Filter>ソースファイル\Project\Game</Filter>
    </ClCompile>
    <ClCompile Include="Project\Game\LoseScene\LoseScene.cpp">
      <Filter>ソースファイル\Project\Game</Filter>
    </ClCompile>
    <ClCompile Include="Project\Game\SelectScene\SelectScene.cpp">
      <Filter>ソースファイル\Project\Game</Filter>
    </ClCompile>
    <ClCompile Include="Project\Game\TitleScene\TitleScene.cpp">
      <Filter>ソースファイル\Project\Game</Filter>
    </ClCompile>
    <ClCompile Include="Project\Game\WinScene\WinScene.cpp">
      <Filter>ソースファイル\Project\Game</Filter>
    </ClCompile>
    <ClCompile Include="Project\GameObject\Enemy\TransCube\state\TransCubeGroundAttak\TransCubeGroundAttackState.cpp">
      <Filter>ソースファイル\Project\GameObject\TransCube</Filter>
    </ClCompile>
    <ClCompile Include="Project\GameObject\Enemy\TransCube\state\TransCubeRandBullet\TransCubeRandBulletState.cpp">
      <Filter>ソースファイル\Project\GameObject\TransCube</Filter>
    </ClCompile>
    <ClCompile Include="Project\GameObject\Enemy\TransCube\GroundAttack\TransCubeGroundAttack.cpp">
      <Filter>ソースファイル\Project\GameObject\TransCube</Filter>
    </ClCompile>
    <ClCompile Include="Project\GameObject\Enemy\TransCube\RandBullet\TransCubeBullet.cpp">
      <Filter>ソースファイル\Project\GameObject\TransCube</Filter>
    </ClCompile>
    <ClCompile Include="Project\GameObject\Enemy\TransCube\TransCube.cpp">
      <Filter>ソースファイル\Project\GameObject\TransCube</Filter>
    </ClCompile>
    <ClCompile Include="Project\GameObject\Particle\Particle.cpp">
      <Filter>ソースファイル\Project\GameObject\Particle</Filter>
    </ClCompile>
    <ClCompile Include="Project\GameObject\Particle\ParticleEmitter.cpp">
      <Filter>ソースファイル\Project\GameObject\Particle</Filter>
    </ClCompile>
    <ClCompile Include="Project\GameObject\Player\PlayerBullet.cpp">
      <Filter>ソースファイル\Project\GameObject\Player</Filter>
    </ClCompile>
    <ClCompile Include="Project\GameObject\Player\Player.cpp">
      <Filter>ソースファイル\Project\GameObject\Player</Filter>
    </ClCompile>
    <ClCompile Include="Project\GameObject\Enemy\Robot\RandBullet\RandBullet.cpp">
      <Filter>ソースファイル\Project\GameObject\TransCube</Filter>
    </ClCompile>
    <ClCompile Include="Project\GameObject\Enemy\TransCube\state\ITransCubeState.cpp">
      <Filter>ソースファイル\Project\GameObject\TransCube</Filter>
    </ClCompile>
    <ClCompile Include="main.cpp">
      <Filter>ソースファイル</Filter>
    </ClCompile>
    <ClCompile Include="Project\GameObject\Enemy\Robot\EnemyRobot.cpp">
      <Filter>ソースファイル\Project\GameObject\Robot</Filter>
    </ClCompile>
    <ClCompile Include="Project\GameObject\Enemy\Robot\state\RobotPunch\EnemyRobotPunchState.cpp">
      <Filter>ソースファイル\Project\GameObject\Robot</Filter>
    </ClCompile>
    <ClCompile Include="Project\GameObject\Enemy\Robot\state\RandBullet\EnemyRobotRandBulletState.cpp">
      <Filter>ソースファイル\Project\GameObject\Robot</Filter>
    </ClCompile>
    <ClCompile Include="Project\Game\ExplanationScene\ExplanationScene.cpp">
      <Filter>ソースファイル\Project\Game</Filter>
    </ClCompile>
    <ClCompile Include="Project\GameObject\Ground\TestGround.cpp">
      <Filter>ソースファイル\Project\GameObject\Ground</Filter>
    </ClCompile>
  </ItemGroup>
  <ItemGroup>
    <ClInclude Include="Engine\Components\PostProcess\PostProcess.h">
      <Filter>ヘッダーファイル\Engine\Components</Filter>
    </ClInclude>
    <ClInclude Include="Engine\Components\Input\Input.h">
      <Filter>ヘッダーファイル\Engine\Components</Filter>
    </ClInclude>
    <ClInclude Include="Engine\Components\CollisionManager\CollisionManager.h">
      <Filter>ヘッダーファイル\Engine\Components</Filter>
    </ClInclude>
    <ClInclude Include="Engine\Components\CollisionManager\CollisionConfig.h">
      <Filter>ヘッダーファイル\Engine\Components</Filter>
    </ClInclude>
    <ClInclude Include="Engine\Components\CollisionManager\Collider.h">
      <Filter>ヘッダーファイル\Engine\Components</Filter>
    </ClInclude>
    <ClInclude Include="Engine\Components\Audio\Audio.h">
      <Filter>ヘッダーファイル\Engine\Components</Filter>
    </ClInclude>
    <ClInclude Include="Engine\Externals\imgui\imconfig.h">
      <Filter>imgui</Filter>
    </ClInclude>
    <ClInclude Include="Engine\Externals\imgui\imgui.h">
      <Filter>imgui</Filter>
    </ClInclude>
    <ClInclude Include="Engine\Externals\imgui\imgui_impl_dx12.h">
      <Filter>imgui</Filter>
    </ClInclude>
    <ClInclude Include="Engine\Externals\imgui\imgui_impl_win32.h">
      <Filter>imgui</Filter>
    </ClInclude>
    <ClInclude Include="Engine\Externals\imgui\imgui_internal.h">
      <Filter>imgui</Filter>
    </ClInclude>
    <ClInclude Include="Engine\Externals\imgui\imstb_rectpack.h">
      <Filter>imgui</Filter>
    </ClInclude>
    <ClInclude Include="Engine\Externals\imgui\imstb_textedit.h">
      <Filter>imgui</Filter>
    </ClInclude>
    <ClInclude Include="Engine\Externals\imgui\imstb_truetype.h">
      <Filter>imgui</Filter>
    </ClInclude>
    <ClInclude Include="Engine\2D\Sprite\Sprite.h">
      <Filter>ヘッダーファイル\Engine\2D</Filter>
    </ClInclude>
    <ClInclude Include="Engine\2D\ImGuiManager\ImGuiManager.h">
      <Filter>ヘッダーファイル\Engine\2D</Filter>
    </ClInclude>
    <ClInclude Include="Engine\2D\GlobalVariables\GlobalVariables.h">
      <Filter>ヘッダーファイル\Engine\2D</Filter>
    </ClInclude>
    <ClInclude Include="Engine\3D\DebugCamera\DebugCamera.h">
      <Filter>ヘッダーファイル\Engine\3D</Filter>
    </ClInclude>
    <ClInclude Include="Engine\3D\Light\DirectionalLight.h">
      <Filter>ヘッダーファイル\Engine\3D</Filter>
    </ClInclude>
    <ClInclude Include="Engine\3D\Model\Material.h">
      <Filter>ヘッダーファイル\Engine\3D</Filter>
    </ClInclude>
    <ClInclude Include="Engine\3D\Model\Model.h">
      <Filter>ヘッダーファイル\Engine\3D</Filter>
    </ClInclude>
    <ClInclude Include="Engine\3D\TransformationMatrix\TransformationMatrix.h">
      <Filter>ヘッダーファイル\Engine\3D</Filter>
    </ClInclude>
    <ClInclude Include="Engine\3D\Model\Vertex.h">
      <Filter>ヘッダーファイル\Engine\3D</Filter>
    </ClInclude>
    <ClInclude Include="Engine\3D\TransformationMatrix\ViewProjection.h">
      <Filter>ヘッダーファイル\Engine\3D</Filter>
    </ClInclude>
    <ClInclude Include="Engine\3D\TransformationMatrix\WorldTransform.h">
      <Filter>ヘッダーファイル\Engine\3D</Filter>
    </ClInclude>
    <ClInclude Include="Engine\Base\DirectXCommon\D3DResourceLeakChecker.h">
      <Filter>ヘッダーファイル\Engine\Base</Filter>
    </ClInclude>
    <ClInclude Include="Engine\Base\DirectXCommon\DirectXCommon.h">
      <Filter>ヘッダーファイル\Engine\Base</Filter>
    </ClInclude>
    <ClInclude Include="Engine\Base\TextureManager\TextureManager.h">
      <Filter>ヘッダーファイル\Engine\Base</Filter>
    </ClInclude>
    <ClInclude Include="Engine\Base\WinApp\WinApp.h">
      <Filter>ヘッダーファイル\Engine\Base</Filter>
    </ClInclude>
    <ClInclude Include="Engine\Math\MathFunction.h">
      <Filter>ヘッダーファイル\Engine\Math</Filter>
    </ClInclude>
    <ClInclude Include="Project\GameObject\FollowCamera\FollowCamera.h">
      <Filter>ヘッダーファイル\Project\GameObject\FollowCamera</Filter>
    </ClInclude>
    <ClInclude Include="Project\GameObject\Box\Box.h">
      <Filter>ヘッダーファイル\Project\GameObject\Box</Filter>
    </ClInclude>
    <ClInclude Include="Project\GameObject\Box\BoxConfig.h">
      <Filter>ヘッダーファイル\Project\GameObject\Box</Filter>
    </ClInclude>
    <ClInclude Include="Project\GameObject\Box\BoxManager.h">
      <Filter>ヘッダーファイル\Project\GameObject\Box</Filter>
    </ClInclude>
    <ClInclude Include="Project\Game\GameManager\GameManager.h">
      <Filter>ヘッダーファイル\Project\Game</Filter>
    </ClInclude>
    <ClInclude Include="Project\Game\GameScene\GameScene.h">
      <Filter>ヘッダーファイル\Project\Game</Filter>
    </ClInclude>
    <ClInclude Include="Project\Game\LoseScene\LoseScene.h">
      <Filter>ヘッダーファイル\Project\Game</Filter>
    </ClInclude>
    <ClInclude Include="Project\Game\SelectScene\SelectScene.h">
      <Filter>ヘッダーファイル\Project\Game</Filter>
    </ClInclude>
    <ClInclude Include="Project\Game\TitleScene\TitleScene.h">
      <Filter>ヘッダーファイル\Project\Game</Filter>
    </ClInclude>
    <ClInclude Include="Project\Game\WinScene\WinScene.h">
      <Filter>ヘッダーファイル\Project\Game</Filter>
    </ClInclude>
    <ClInclude Include="Project\GameObject\Particle\ParticleEmitter.h">
      <Filter>ヘッダーファイル\Project\GameObject\Particle</Filter>
    </ClInclude>
    <ClInclude Include="Project\GameObject\Particle\Particle.h">
      <Filter>ヘッダーファイル\Project\GameObject\Particle</Filter>
    </ClInclude>
    <ClInclude Include="Project\GameObject\Enemy\TransCube\TransCube.h">
      <Filter>ヘッダーファイル\Project\GameObject\TransCube</Filter>
    </ClInclude>
    <ClInclude Include="Project\GameObject\Enemy\TransCube\RandBullet\TransCubeBullet.h">
      <Filter>ヘッダーファイル\Project\GameObject\TransCube</Filter>
    </ClInclude>
    <ClInclude Include="Project\GameObject\Enemy\TransCube\GroundAttack\TransCubeGroundAttack.h">
      <Filter>ヘッダーファイル\Project\GameObject\TransCube</Filter>
    </ClInclude>
    <ClInclude Include="Project\GameObject\Enemy\TransCube\state\TransCubeGroundAttak\TransCubeGroundAttackState.h">
      <Filter>ヘッダーファイル\Project\GameObject\TransCube</Filter>
    </ClInclude>
    <ClInclude Include="Project\GameObject\Enemy\TransCube\state\TransCubeRandBullet\TransCubeRandBulletState.h">
      <Filter>ヘッダーファイル\Project\GameObject\TransCube</Filter>
    </ClInclude>
    <ClInclude Include="Project\GameObject\Player\Player.h">
      <Filter>ヘッダーファイル\Project\GameObject\Player</Filter>
    </ClInclude>
    <ClInclude Include="Project\GameObject\Player\PlayerBullet.h">
      <Filter>ヘッダーファイル\Project\GameObject\Player</Filter>
    </ClInclude>
    <ClInclude Include="Project\GameObject\Enemy\Robot\RandBullet\RandBullet.h">
      <Filter>ヘッダーファイル\Project\GameObject\TransCube</Filter>
    </ClInclude>
    <ClInclude Include="Project\GameObject\Enemy\TransCube\state\ITransCubeState.h">
      <Filter>ヘッダーファイル\Project\GameObject\TransCube</Filter>
    </ClInclude>
    <ClInclude Include="Project\Game\GameManager\IScene.h">
      <Filter>ヘッダーファイル\Project\Game</Filter>
    </ClInclude>
    <ClInclude Include="Project\GameObject\Enemy\Robot\EnemyRobot.h">
      <Filter>ソースファイル\Project\GameObject\Robot</Filter>
    </ClInclude>
    <ClInclude Include="Project\GameObject\Enemy\Robot\state\RobotPunch\EnemyRobotPunchState.h">
      <Filter>ソースファイル\Project\GameObject\Robot</Filter>
    </ClInclude>
    <ClInclude Include="Project\GameObject\Enemy\Robot\state\RandBullet\EnemyRobotRandBulletState.h">
      <Filter>ソースファイル\Project\GameObject\Robot</Filter>
    </ClInclude>
    <ClInclude Include="Project\GameObject\Enemy\Robot\state\IEnemyRobotState.h">
      <Filter>ソースファイル\Project\GameObject\Robot</Filter>
    </ClInclude>
    <ClInclude Include="Project\Game\ExplanationScene\ExplanationScene.h">
      <Filter>ヘッダーファイル\Project\Game</Filter>
    </ClInclude>
    <ClInclude Include="Project\GameObject\Ground\TestGround.h">
      <Filter>ヘッダーファイル\Project\GameObject\Ground</Filter>
    </ClInclude>
  </ItemGroup>
  <ItemGroup>
    <None Include="Project\Resources\Shader\FinalPass.hlsli">
      <Filter>Shader</Filter>
    </None>
    <None Include="Project\Resources\Shader\HorizontalBlur.hlsli">
      <Filter>Shader</Filter>
    </None>
    <None Include="Project\Resources\Shader\Object3d.hlsli">
      <Filter>Shader</Filter>
    </None>
    <None Include="Project\Resources\Shader\SecondPass.hlsli">
      <Filter>Shader</Filter>
    </None>
    <None Include="Project\Resources\Shader\Sprite.hlsli">
      <Filter>Shader</Filter>
    </None>
    <None Include="Project\Resources\Shader\VerticalBlur.hlsli">
      <Filter>Shader</Filter>
    </None>
  </ItemGroup>
  <ItemGroup>
    <Filter Include="ソースファイル">
      <UniqueIdentifier>{ed9845b1-0f67-418e-8d01-58756668f47c}</UniqueIdentifier>
    </Filter>
    <Filter Include="ヘッダーファイル">
      <UniqueIdentifier>{ef10574e-51c8-4be3-92a1-5d6c4ca542b8}</UniqueIdentifier>
    </Filter>
    <Filter Include="ソースファイル\Engine">
      <UniqueIdentifier>{41538857-9bf7-4ef7-a661-9e1b073d2950}</UniqueIdentifier>
    </Filter>
    <Filter Include="ソースファイル\Project">
      <UniqueIdentifier>{1afff6c1-39b3-40f6-bdd4-28e3f8786483}</UniqueIdentifier>
    </Filter>
    <Filter Include="ヘッダーファイル\Engine">
      <UniqueIdentifier>{535a6d35-a72e-476d-bba1-7f460845f44f}</UniqueIdentifier>
    </Filter>
    <Filter Include="ヘッダーファイル\Project">
      <UniqueIdentifier>{4a898927-25e0-44ae-ab98-2fdddfd69ab8}</UniqueIdentifier>
    </Filter>
    <Filter Include="ソースファイル\Engine\3D">
      <UniqueIdentifier>{8c8d1f27-efc1-4e9f-881e-a67d8522262e}</UniqueIdentifier>
    </Filter>
    <Filter Include="ソースファイル\Engine\Components">
      <UniqueIdentifier>{d6077557-2778-411d-9dd7-fa5372d4f73e}</UniqueIdentifier>
    </Filter>
    <Filter Include="ヘッダーファイル\Engine\Components">
      <UniqueIdentifier>{4d98be01-e7dc-498b-bf10-ce8419159636}</UniqueIdentifier>
    </Filter>
    <Filter Include="ヘッダーファイル\Engine\Math">
      <UniqueIdentifier>{eb7f9dcb-2f4c-465a-8e8a-a6400127bfa0}</UniqueIdentifier>
    </Filter>
    <Filter Include="ヘッダーファイル\Engine\Base">
      <UniqueIdentifier>{c2a6fec9-f7ff-4f8e-9dc7-9d6312cc1c17}</UniqueIdentifier>
    </Filter>
    <Filter Include="ソースファイル\Engine\Base">
      <UniqueIdentifier>{8c893091-5fbf-488c-bb2b-f20bb9b81a67}</UniqueIdentifier>
    </Filter>
    <Filter Include="ソースファイル\Engine\2D">
      <UniqueIdentifier>{7c32e765-c21c-4995-b7f4-dd1820e635ca}</UniqueIdentifier>
    </Filter>
    <Filter Include="ヘッダーファイル\Engine\2D">
      <UniqueIdentifier>{b7de1f38-a074-48a1-8c56-74ad8da6c0c0}</UniqueIdentifier>
    </Filter>
    <Filter Include="Shader">
      <UniqueIdentifier>{6b2e5351-2c1e-475f-8cf8-d22a047cd0d5}</UniqueIdentifier>
    </Filter>
    <Filter Include="imgui">
      <UniqueIdentifier>{6ca68ce1-aa9e-4f35-8134-875646d64b11}</UniqueIdentifier>
    </Filter>
    <Filter Include="ヘッダーファイル\Engine\3D">
      <UniqueIdentifier>{955231ee-fa62-472c-9533-73cd92c9b277}</UniqueIdentifier>
    </Filter>
    <Filter Include="ソースファイル\Engine\Math">
      <UniqueIdentifier>{f32b0d19-96ac-4b06-b37c-256b467b777d}</UniqueIdentifier>
    </Filter>
    <Filter Include="ソースファイル\Project\GameObject">
      <UniqueIdentifier>{3de4918a-1ed8-4af6-8c45-de2f5aa9821f}</UniqueIdentifier>
    </Filter>
    <Filter Include="ソースファイル\Project\GameObject\FollowCamera">
      <UniqueIdentifier>{8bc494d7-d909-4177-8c54-8f80f0a57f2a}</UniqueIdentifier>
    </Filter>
    <Filter Include="ソースファイル\Project\GameObject\Box">
      <UniqueIdentifier>{a25ab7a3-fa0d-452d-8f42-525a5c78f472}</UniqueIdentifier>
    </Filter>
    <Filter Include="ソースファイル\Project\GameObject\Player">
      <UniqueIdentifier>{dc143a3b-d62b-4363-a3e3-96966ec13599}</UniqueIdentifier>
    </Filter>
    <Filter Include="ソースファイル\Project\GameObject\TransCube">
      <UniqueIdentifier>{bc81abae-8263-4b00-80c2-73f70977a2e1}</UniqueIdentifier>
    </Filter>
    <Filter Include="ソースファイル\Project\Game">
      <UniqueIdentifier>{891a1995-3861-49fc-a989-60e58dd4c02c}</UniqueIdentifier>
    </Filter>
    <Filter Include="ヘッダーファイル\Project\Game">
      <UniqueIdentifier>{c47fc124-f6a0-42cf-b869-7f93ed0d418a}</UniqueIdentifier>
    </Filter>
    <Filter Include="ヘッダーファイル\Project\GameObject">
      <UniqueIdentifier>{5b178aee-98e7-48ef-ae89-41a3372878c0}</UniqueIdentifier>
    </Filter>
    <Filter Include="ヘッダーファイル\Project\GameObject\FollowCamera">
      <UniqueIdentifier>{89d9ac7e-4682-4db5-b119-0421286085dc}</UniqueIdentifier>
    </Filter>
    <Filter Include="ヘッダーファイル\Project\GameObject\Box">
      <UniqueIdentifier>{91fe5266-4fdf-4a1c-b61c-834b04fffa65}</UniqueIdentifier>
    </Filter>
    <Filter Include="ヘッダーファイル\Project\GameObject\TransCube">
      <UniqueIdentifier>{8feb2220-ba63-4855-8098-68a8af289e30}</UniqueIdentifier>
    </Filter>
    <Filter Include="ヘッダーファイル\Project\GameObject\Player">
      <UniqueIdentifier>{8f6112b7-0ec5-4757-aa5f-c2521b69f2c0}</UniqueIdentifier>
    </Filter>
    <Filter Include="ヘッダーファイル\Project\GameObject\Particle">
      <UniqueIdentifier>{3382e338-198d-482b-958b-9733d5ce3f5c}</UniqueIdentifier>
    </Filter>
    <Filter Include="ソースファイル\Project\GameObject\Particle">
      <UniqueIdentifier>{7029f6d5-4db0-4090-8a6b-84dabd0d63e8}</UniqueIdentifier>
    </Filter>
    <Filter Include="リソースファイル">
      <UniqueIdentifier>{b37d2d8f-17cc-40ad-965c-3590adceeff5}</UniqueIdentifier>
    </Filter>
    <Filter Include="ソースファイル\Project\GameObject\Robot">
      <UniqueIdentifier>{720471ed-ec12-4710-842c-40eba8e02f9a}</UniqueIdentifier>
    </Filter>
    <Filter Include="ソースファイル\Project\GameObject\Ground">
      <UniqueIdentifier>{ad56fff9-5a00-49a3-bebf-a7dbf23a2fa8}</UniqueIdentifier>
    </Filter>
    <Filter Include="ヘッダーファイル\Project\GameObject\Ground">
      <UniqueIdentifier>{8f385fa7-48c4-4c5b-b6d1-a7f4ed6dbcef}</UniqueIdentifier>
    </Filter>
  </ItemGroup>
  <ItemGroup>
    <Text Include="Engine\Externals\imgui\LICENSE.txt">
      <Filter>imgui</Filter>
    </Text>
  </ItemGroup>
</Project>